
Microsoft Visual Studio Solution File, Format Version 12.00
# Visual Studio Version 17
VisualStudioVersion = 17.8.34408.163
MinimumVisualStudioVersion = 10.0.40219.1
Project("{FAE04EC0-301F-11D3-BF4B-00C04F79EFBC}") = "COP4365_001_StockAnalysis_Project_IrizarryCastro", "COP4365_001_StockAnalysis_Project_IrizarryCastro\COP4365_001_StockAnalysis_Project_IrizarryCastro.csproj", "{84DAADBA-E80E-41A9-8071-2A9CA33AA052}"
EndProject
Global
	GlobalSection(SolutionConfigurationPlatforms) = preSolution
		Debug|Any CPU = Debug|Any CPU
		Release|Any CPU = Release|Any CPU
	EndGlobalSection
	GlobalSection(ProjectConfigurationPlatforms) = postSolution
		{84DAADBA-E80E-41A9-8071-2A9CA33AA052}.Debug|Any CPU.ActiveCfg = Debug|Any CPU
		{84DAADBA-E80E-41A9-8071-2A9CA33AA052}.Debug|Any CPU.Build.0 = Debug|Any CPU
		{84DAADBA-E80E-41A9-8071-2A9CA33AA052}.Release|Any CPU.ActiveCfg = Release|Any CPU
		{84DAADBA-E80E-41A9-8071-2A9CA33AA052}.Release|Any CPU.Build.0 = Release|Any CPU
	EndGlobalSection
	GlobalSection(SolutionProperties) = preSolution
		HideSolutionNode = FALSE
	EndGlobalSection
	GlobalSection(ExtensibilityGlobals) = postSolution
		SolutionGuid = {BC8BD022-4BE0-4355-9C36-5D7427C193CE}
	EndGlobalSection
EndGlobal
